
Microsoft Visual Studio Solution File, Format Version 12.00
# Visual Studio Version 17
VisualStudioVersion = 17.14.36623.8
MinimumVisualStudioVersion = 10.0.40219.1
Project("{FAE04EC0-301F-11D3-BF4B-00C04F79EFBC}") = "FitnessCenterManagement", "FitnessCenterManagement.csproj", "{004E0AB4-BA5C-4207-A592-99F82DD33BDE}"
EndProject
Global
	GlobalSection(SolutionConfigurationPlatforms) = preSolution
		Debug|Any CPU = Debug|Any CPU
		Release|Any CPU = Release|Any CPU
	EndGlobalSection
	GlobalSection(ProjectConfigurationPlatforms) = postSolution
		{004E0AB4-BA5C-4207-A592-99F82DD33BDE}.Debug|Any CPU.ActiveCfg = Debug|Any CPU
		{004E0AB4-BA5C-4207-A592-99F82DD33BDE}.Debug|Any CPU.Build.0 = Debug|Any CPU
		{004E0AB4-BA5C-4207-A592-99F82DD33BDE}.Release|Any CPU.ActiveCfg = Release|Any CPU
		{004E0AB4-BA5C-4207-A592-99F82DD33BDE}.Release|Any CPU.Build.0 = Release|Any CPU
	EndGlobalSection
	GlobalSection(SolutionProperties) = preSolution
		HideSolutionNode = FALSE
	EndGlobalSection
	GlobalSection(ExtensibilityGlobals) = postSolution
		SolutionGuid = {7A11C6A9-F647-4877-BDCC-3EE59748D4D3}
	EndGlobalSection
EndGlobal
